// !$*UTF8*$!
{
	archiveVersion = 1;
	classes = {
	};
	objectVersion = 46;
	objects = {

/* Begin PBXBuildFile section */
		6360BE865570CCDF5C814E4E /* libPods-certificatesTests.a in Frameworks */ = {isa = PBXBuildFile; fileRef = C2F8BC2D27986317037BFD9D /* libPods-certificatesTests.a */; };
		830120351EF4483F008EC454 /* ArgumentParser.swift in Sources */ = {isa = PBXBuildFile; fileRef = 830120341EF4483F008EC454 /* ArgumentParser.swift */; };
		830120381EF44AE5008EC454 /* ArgumentParser.swift in Sources */ = {isa = PBXBuildFile; fileRef = 830120341EF4483F008EC454 /* ArgumentParser.swift */; };
		830AB9EF1DA6BC4B00185E19 /* CommonCrypto.framework in Frameworks */ = {isa = PBXBuildFile; fileRef = 830AB9EE1DA6BC4B00185E19 /* CommonCrypto.framework */; };
		830AB9F01DA6BC4B00185E19 /* CommonCrypto.framework in Embed Frameworks */ = {isa = PBXBuildFile; fileRef = 830AB9EE1DA6BC4B00185E19 /* CommonCrypto.framework */; settings = {ATTRIBUTES = (CodeSignOnCopy, RemoveHeadersOnCopy, ); }; };
		83111B281DA4110C006B058D /* AppDelegate.swift in Sources */ = {isa = PBXBuildFile; fileRef = 83111B271DA4110C006B058D /* AppDelegate.swift */; };
		83111B2D1DA4110C006B058D /* Main.storyboard in Resources */ = {isa = PBXBuildFile; fileRef = 83111B2B1DA4110C006B058D /* Main.storyboard */; };
		83111B2F1DA4110C006B058D /* Assets.xcassets in Resources */ = {isa = PBXBuildFile; fileRef = 83111B2E1DA4110C006B058D /* Assets.xcassets */; };
		83111B321DA4110C006B058D /* LaunchScreen.storyboard in Resources */ = {isa = PBXBuildFile; fileRef = 83111B301DA4110C006B058D /* LaunchScreen.storyboard */; };
		83111B3D1DA4110C006B058D /* walletTests.swift in Sources */ = {isa = PBXBuildFile; fileRef = 83111B3C1DA4110C006B058D /* walletTests.swift */; };
		83111B771DA414EB006B058D /* JSONLD.framework in Frameworks */ = {isa = PBXBuildFile; fileRef = 83111B761DA414EB006B058D /* JSONLD.framework */; };
		83111B781DA414EB006B058D /* JSONLD.framework in Embed Frameworks */ = {isa = PBXBuildFile; fileRef = 83111B761DA414EB006B058D /* JSONLD.framework */; settings = {ATTRIBUTES = (CodeSignOnCopy, RemoveHeadersOnCopy, ); }; };
		83115A5C1E0847EE00EDC0A2 /* NoContentView.swift in Sources */ = {isa = PBXBuildFile; fileRef = 83115A5B1E0847EE00EDC0A2 /* NoContentView.swift */; };
		83115A5E1E087EA500EDC0A2 /* IssuerViewController.swift in Sources */ = {isa = PBXBuildFile; fileRef = 83115A5D1E087EA500EDC0A2 /* IssuerViewController.swift */; };
		83115A601E08863100EDC0A2 /* IssuerSummaryView.swift in Sources */ = {isa = PBXBuildFile; fileRef = 83115A5F1E08863100EDC0A2 /* IssuerSummaryView.swift */; };
		8318FC511DAD5337006A8FD5 /* IssuerCollectionViewController.swift in Sources */ = {isa = PBXBuildFile; fileRef = 8318FC501DAD5337006A8FD5 /* IssuerCollectionViewController.swift */; };
		831EDC0F1ED3A20E004F135B /* RenderedCertificateView.swift in Sources */ = {isa = PBXBuildFile; fileRef = 831EDC0D1ED3A20E004F135B /* RenderedCertificateView.swift */; };
		831EDC101ED3A20E004F135B /* RenderedCertificateView.xib in Resources */ = {isa = PBXBuildFile; fileRef = 831EDC0E1ED3A20E004F135B /* RenderedCertificateView.xib */; };
		831EDC131ED5F7DA004F135B /* CoreBitcoinManager.swift in Sources */ = {isa = PBXBuildFile; fileRef = 831EDC111ED5F7DA004F135B /* CoreBitcoinManager.swift */; };
		831EDC141ED5F7DA004F135B /* Keychain.swift in Sources */ = {isa = PBXBuildFile; fileRef = 831EDC121ED5F7DA004F135B /* Keychain.swift */; };
		8329A0521DDA825200863285 /* IssuerSummaryTableViewCell.swift in Sources */ = {isa = PBXBuildFile; fileRef = 8329A0501DDA825200863285 /* IssuerSummaryTableViewCell.swift */; };
		8329A0531DDA825200863285 /* IssuerSummaryTableViewCell.xib in Resources */ = {isa = PBXBuildFile; fileRef = 8329A0511DDA825200863285 /* IssuerSummaryTableViewCell.xib */; };
		832AE0151DF893A900A3CA4A /* SkyFloatingLabelTextField.swift in Sources */ = {isa = PBXBuildFile; fileRef = 832AE0121DF893A900A3CA4A /* SkyFloatingLabelTextField.swift */; };
		832AE0161DF893A900A3CA4A /* SkyFloatingLabelTextFieldWithIcon.swift in Sources */ = {isa = PBXBuildFile; fileRef = 832AE0131DF893A900A3CA4A /* SkyFloatingLabelTextFieldWithIcon.swift */; };
		832AE0171DF893A900A3CA4A /* UITextField+fixCaretPosition.swift in Sources */ = {isa = PBXBuildFile; fileRef = 832AE0141DF893A900A3CA4A /* UITextField+fixCaretPosition.swift */; };
		832F2A491E944E1C00A65C3A /* CertificateMetadataViewController.swift in Sources */ = {isa = PBXBuildFile; fileRef = 832F2A481E944E1C00A65C3A /* CertificateMetadataViewController.swift */; };
		8337CFCC1E1D65140080E876 /* SettingsTableViewController.swift in Sources */ = {isa = PBXBuildFile; fileRef = 8337CFCB1E1D65140080E876 /* SettingsTableViewController.swift */; };
		8337CFCF1E1D6B7A0080E876 /* RevealPassphraseTableViewController.swift in Sources */ = {isa = PBXBuildFile; fileRef = 8337CFCE1E1D6B7A0080E876 /* RevealPassphraseTableViewController.swift */; };
		8337CFD21E1D78110080E876 /* LabeledTableViewCell.swift in Sources */ = {isa = PBXBuildFile; fileRef = 8337CFD11E1D78110080E876 /* LabeledTableViewCell.swift */; };
		8345E0EC1EF47F5D007C1FC5 /* Keychain.swift in Sources */ = {isa = PBXBuildFile; fileRef = 831EDC121ED5F7DA004F135B /* Keychain.swift */; };
		834B94C71DC1618900543E4F /* IssuerCollectionViewCell.swift in Sources */ = {isa = PBXBuildFile; fileRef = 834B94C51DC1618900543E4F /* IssuerCollectionViewCell.swift */; };
		834B94CA1DC1618900543E4F /* IssuerCollectionViewCell.xib in Resources */ = {isa = PBXBuildFile; fileRef = 834B94C61DC1618900543E4F /* IssuerCollectionViewCell.xib */; };
		834B94CB1DC1618900543E4F /* IssuerCollectionViewCell.xib in Resources */ = {isa = PBXBuildFile; fileRef = 834B94C61DC1618900543E4F /* IssuerCollectionViewCell.xib */; };
		836031BD1E5651C9005B2D2E /* PrivacyViewController.swift in Sources */ = {isa = PBXBuildFile; fileRef = 836031BC1E5651C9005B2D2E /* PrivacyViewController.swift */; };
		836031C31E5E5064005B2D2E /* SampleCertificate.json in Resources */ = {isa = PBXBuildFile; fileRef = 836031C21E5E5064005B2D2E /* SampleCertificate.json */; };
		836031C51E5E513A005B2D2E /* Settings.bundle in Resources */ = {isa = PBXBuildFile; fileRef = 836031C41E5E513A005B2D2E /* Settings.bundle */; };
		8360751F1F2A4CD300758C9E /* certificatesUITests.swift in Sources */ = {isa = PBXBuildFile; fileRef = 8360751E1F2A4CD300758C9E /* certificatesUITests.swift */; };
		836075271F2A4D9800758C9E /* OnboardingUITests.swift in Sources */ = {isa = PBXBuildFile; fileRef = 836075261F2A4D9800758C9E /* OnboardingUITests.swift */; };
		83802BF41E01BC1E00E54C13 /* NoCertificatesTableViewCell.swift in Sources */ = {isa = PBXBuildFile; fileRef = 83802BF21E01BC1E00E54C13 /* NoCertificatesTableViewCell.swift */; };
		8388B8AA1EDE15BF00B28A57 /* WebLoginViewController.swift in Sources */ = {isa = PBXBuildFile; fileRef = 8388B8A91EDE15BF00B28A57 /* WebLoginViewController.swift */; };
		838DC1301E43EF1600533AEB /* ReplacePassphraseViewController.swift in Sources */ = {isa = PBXBuildFile; fileRef = 838DC12C1E43EF1600533AEB /* ReplacePassphraseViewController.swift */; };
		838DC1331E43EFB900533AEB /* ReplacePassphraseViewController.xib in Resources */ = {isa = PBXBuildFile; fileRef = 838DC1311E43EFB900533AEB /* ReplacePassphraseViewController.xib */; };
		838DC1361E43F0A400533AEB /* NoCertificatesTableViewCell.xib in Resources */ = {isa = PBXBuildFile; fileRef = 838DC1341E43F0A400533AEB /* NoCertificatesTableViewCell.xib */; };
		838DC1391E43F0D300533AEB /* AddIssuerViewController.xib in Resources */ = {isa = PBXBuildFile; fileRef = 838DC1371E43F0D300533AEB /* AddIssuerViewController.xib */; };
		838DC13C1E43F0F700533AEB /* CertificateViewController.xib in Resources */ = {isa = PBXBuildFile; fileRef = 838DC13A1E43F0F700533AEB /* CertificateViewController.xib */; };
		838DE6B91F3A344700185A49 /* ManagedIssuerTests.swift in Sources */ = {isa = PBXBuildFile; fileRef = 838DE6B81F3A344700185A49 /* ManagedIssuerTests.swift */; };
		838DE6BD1F3A363800185A49 /* managed-issuer.json in Resources */ = {isa = PBXBuildFile; fileRef = 838DE6BC1F3A363800185A49 /* managed-issuer.json */; };
		838DE6CA1F3A750300185A49 /* ManagedIssuerList.swift in Sources */ = {isa = PBXBuildFile; fileRef = 838DE6C91F3A750300185A49 /* ManagedIssuerList.swift */; };
		838DE6CC1F3A753B00185A49 /* ManagedIssuer.swift in Sources */ = {isa = PBXBuildFile; fileRef = 838DE6CB1F3A753B00185A49 /* ManagedIssuer.swift */; };
		838DE6CD1F3A771D00185A49 /* ManagedIssuer.swift in Sources */ = {isa = PBXBuildFile; fileRef = 838DE6CB1F3A753B00185A49 /* ManagedIssuer.swift */; };
		838DE6CE1F3A772400185A49 /* ManagedIssuerList.swift in Sources */ = {isa = PBXBuildFile; fileRef = 838DE6C91F3A750300185A49 /* ManagedIssuerList.swift */; };
		838DE6D21F3B665C00185A49 /* CertificateManager.swift in Sources */ = {isa = PBXBuildFile; fileRef = 838DE6CF1F3B659800185A49 /* CertificateManager.swift */; };
		838DE6D61F3B680500185A49 /* Constants.swift in Sources */ = {isa = PBXBuildFile; fileRef = 838DE6D51F3B67F400185A49 /* Constants.swift */; };
		838DE6D71F3B680600185A49 /* Constants.swift in Sources */ = {isa = PBXBuildFile; fileRef = 838DE6D51F3B67F400185A49 /* Constants.swift */; };
		838DE6D81F3B680800185A49 /* Extensions.swift in Sources */ = {isa = PBXBuildFile; fileRef = 838DE6D41F3B67F400185A49 /* Extensions.swift */; };
		838DE6D91F3B680900185A49 /* Extensions.swift in Sources */ = {isa = PBXBuildFile; fileRef = 838DE6D41F3B67F400185A49 /* Extensions.swift */; };
		838DE6DA1F3B684600185A49 /* Analytics.swift in Sources */ = {isa = PBXBuildFile; fileRef = 838DE6D31F3B67B300185A49 /* Analytics.swift */; };
		838DE6DB1F3B684700185A49 /* Analytics.swift in Sources */ = {isa = PBXBuildFile; fileRef = 838DE6D31F3B67B300185A49 /* Analytics.swift */; };
		83A6EDD41DAFFAC200ABFB47 /* AddIssuerViewController.swift in Sources */ = {isa = PBXBuildFile; fileRef = 83A6EDD21DAFFAC200ABFB47 /* AddIssuerViewController.swift */; };
		83A6EDDA1DAFFD5B00ABFB47 /* CertificateViewController.swift in Sources */ = {isa = PBXBuildFile; fileRef = 83A6EDD81DAFFD5B00ABFB47 /* CertificateViewController.swift */; };
		83ACB76E1EDE30B700A1149E /* OnboardingViewControllers.swift in Sources */ = {isa = PBXBuildFile; fileRef = 83ACB76D1EDE30B700A1149E /* OnboardingViewControllers.swift */; };
		83ACB7701EDE556500A1149E /* Onboarding.storyboard in Resources */ = {isa = PBXBuildFile; fileRef = 83ACB76F1EDE556500A1149E /* Onboarding.storyboard */; };
		83D6BE9F1DC2B7B100FE0241 /* IssuerTableViewController.swift in Sources */ = {isa = PBXBuildFile; fileRef = 83D6BE9D1DC2B7B100FE0241 /* IssuerTableViewController.swift */; };
		83D947991E01EA3C0038C4E2 /* CertificateTitleTableViewCell.swift in Sources */ = {isa = PBXBuildFile; fileRef = 83D947971E01EA3C0038C4E2 /* CertificateTitleTableViewCell.swift */; };
		83D9479A1E01EA3C0038C4E2 /* CertificateTitleTableViewCell.xib in Resources */ = {isa = PBXBuildFile; fileRef = 83D947981E01EA3C0038C4E2 /* CertificateTitleTableViewCell.xib */; };
		83FF5DE71ECBA4100063397C /* Blockcerts.framework in Frameworks */ = {isa = PBXBuildFile; fileRef = 83FF5DE61ECBA4100063397C /* Blockcerts.framework */; };
		83FF5DE81ECBA4100063397C /* Blockcerts.framework in Embed Frameworks */ = {isa = PBXBuildFile; fileRef = 83FF5DE61ECBA4100063397C /* Blockcerts.framework */; settings = {ATTRIBUTES = (CodeSignOnCopy, RemoveHeadersOnCopy, ); }; };
		83FF5DEA1ECBAC7A0063397C /* CertificateView.swift in Sources */ = {isa = PBXBuildFile; fileRef = 83FF5DE91ECBAC7A0063397C /* CertificateView.swift */; };
		ABC6BB21B68837562003AED2 /* libPods-certificates.a in Frameworks */ = {isa = PBXBuildFile; fileRef = 1E8F8F788045077CB0389D73 /* libPods-certificates.a */; };
		D8A5012E533E2F30F5231695 /* libPods-certificatesUITests.a in Frameworks */ = {isa = PBXBuildFile; fileRef = 4088D4A52B1AC1D4960CD4ED /* libPods-certificatesUITests.a */; };
/* End PBXBuildFile section */

/* Begin PBXContainerItemProxy section */
		83111B391DA4110C006B058D /* PBXContainerItemProxy */ = {
			isa = PBXContainerItemProxy;
			containerPortal = 83111B1C1DA4110C006B058D /* Project object */;
			proxyType = 1;
			remoteGlobalIDString = 83111B231DA4110C006B058D;
			remoteInfo = wallet;
		};
		836075211F2A4CD300758C9E /* PBXContainerItemProxy */ = {
			isa = PBXContainerItemProxy;
			containerPortal = 83111B1C1DA4110C006B058D /* Project object */;
			proxyType = 1;
			remoteGlobalIDString = 83111B231DA4110C006B058D;
			remoteInfo = certificates;
		};
/* End PBXContainerItemProxy section */

/* Begin PBXCopyFilesBuildPhase section */
		83111B791DA414EC006B058D /* Embed Frameworks */ = {
			isa = PBXCopyFilesBuildPhase;
			buildActionMask = 2147483647;
			dstPath = "";
			dstSubfolderSpec = 10;
			files = (
				83FF5DE81ECBA4100063397C /* Blockcerts.framework in Embed Frameworks */,
				830AB9F01DA6BC4B00185E19 /* CommonCrypto.framework in Embed Frameworks */,
				83111B781DA414EB006B058D /* JSONLD.framework in Embed Frameworks */,
			);
			name = "Embed Frameworks";
			runOnlyForDeploymentPostprocessing = 0;
		};
/* End PBXCopyFilesBuildPhase section */

/* Begin PBXFileReference section */
		006F6E9BF51BA616EAD3BDC3 /* Pods-certificatesTests.debug.xcconfig */ = {isa = PBXFileReference; includeInIndex = 1; lastKnownFileType = text.xcconfig; name = "Pods-certificatesTests.debug.xcconfig"; path = "Pods/Target Support Files/Pods-certificatesTests/Pods-certificatesTests.debug.xcconfig"; sourceTree = "<group>"; };
		06EE858C3746A1D1413048DB /* Pods-certificatesUITests.debug.xcconfig */ = {isa = PBXFileReference; includeInIndex = 1; lastKnownFileType = text.xcconfig; name = "Pods-certificatesUITests.debug.xcconfig"; path = "Pods/Target Support Files/Pods-certificatesUITests/Pods-certificatesUITests.debug.xcconfig"; sourceTree = "<group>"; };
		18ED839C370360E8561D2E36 /* Pods-certificates.debug.xcconfig */ = {isa = PBXFileReference; includeInIndex = 1; lastKnownFileType = text.xcconfig; name = "Pods-certificates.debug.xcconfig"; path = "Pods/Target Support Files/Pods-certificates/Pods-certificates.debug.xcconfig"; sourceTree = "<group>"; };
		1E8F8F788045077CB0389D73 /* libPods-certificates.a */ = {isa = PBXFileReference; explicitFileType = archive.ar; includeInIndex = 0; path = "libPods-certificates.a"; sourceTree = BUILT_PRODUCTS_DIR; };
		3C15AEB86836CEA4E704911A /* Pods-certificatesTests.release.xcconfig */ = {isa = PBXFileReference; includeInIndex = 1; lastKnownFileType = text.xcconfig; name = "Pods-certificatesTests.release.xcconfig"; path = "Pods/Target Support Files/Pods-certificatesTests/Pods-certificatesTests.release.xcconfig"; sourceTree = "<group>"; };
		4088D4A52B1AC1D4960CD4ED /* libPods-certificatesUITests.a */ = {isa = PBXFileReference; explicitFileType = archive.ar; includeInIndex = 0; path = "libPods-certificatesUITests.a"; sourceTree = BUILT_PRODUCTS_DIR; };
		5AB11E45F387B18A58FCF2A4 /* Pods-certificates.release.xcconfig */ = {isa = PBXFileReference; includeInIndex = 1; lastKnownFileType = text.xcconfig; name = "Pods-certificates.release.xcconfig"; path = "Pods/Target Support Files/Pods-certificates/Pods-certificates.release.xcconfig"; sourceTree = "<group>"; };
		7A35288CE0EE9C6B8329C464 /* Pods-certificatesUITests.release.xcconfig */ = {isa = PBXFileReference; includeInIndex = 1; lastKnownFileType = text.xcconfig; name = "Pods-certificatesUITests.release.xcconfig"; path = "Pods/Target Support Files/Pods-certificatesUITests/Pods-certificatesUITests.release.xcconfig"; sourceTree = "<group>"; };
		830120341EF4483F008EC454 /* ArgumentParser.swift */ = {isa = PBXFileReference; fileEncoding = 4; lastKnownFileType = sourcecode.swift; name = ArgumentParser.swift; path = Utils/ArgumentParser.swift; sourceTree = "<group>"; };
		830AB9EE1DA6BC4B00185E19 /* CommonCrypto.framework */ = {isa = PBXFileReference; explicitFileType = wrapper.framework; path = CommonCrypto.framework; sourceTree = BUILT_PRODUCTS_DIR; };
		83111B241DA4110C006B058D /* certificates.app */ = {isa = PBXFileReference; explicitFileType = wrapper.application; includeInIndex = 0; path = certificates.app; sourceTree = BUILT_PRODUCTS_DIR; };
		83111B271DA4110C006B058D /* AppDelegate.swift */ = {isa = PBXFileReference; lastKnownFileType = sourcecode.swift; path = AppDelegate.swift; sourceTree = "<group>"; };
		83111B2C1DA4110C006B058D /* Base */ = {isa = PBXFileReference; lastKnownFileType = file.storyboard; name = Base; path = Base.lproj/Main.storyboard; sourceTree = "<group>"; };
		83111B2E1DA4110C006B058D /* Assets.xcassets */ = {isa = PBXFileReference; lastKnownFileType = folder.assetcatalog; path = Assets.xcassets; sourceTree = "<group>"; };
		83111B311DA4110C006B058D /* Base */ = {isa = PBXFileReference; lastKnownFileType = file.storyboard; name = Base; path = Base.lproj/LaunchScreen.storyboard; sourceTree = "<group>"; };
		83111B331DA4110C006B058D /* Info.plist */ = {isa = PBXFileReference; lastKnownFileType = text.plist.xml; path = Info.plist; sourceTree = "<group>"; };
		83111B381DA4110C006B058D /* certificatesTests.xctest */ = {isa = PBXFileReference; explicitFileType = wrapper.cfbundle; includeInIndex = 0; path = certificatesTests.xctest; sourceTree = BUILT_PRODUCTS_DIR; };
		83111B3C1DA4110C006B058D /* walletTests.swift */ = {isa = PBXFileReference; lastKnownFileType = sourcecode.swift; path = walletTests.swift; sourceTree = "<group>"; };
		83111B3E1DA4110C006B058D /* Info.plist */ = {isa = PBXFileReference; lastKnownFileType = text.plist.xml; path = Info.plist; sourceTree = "<group>"; };
		83111B561DA41417006B058D /* wallet-Bridging-Header.h */ = {isa = PBXFileReference; lastKnownFileType = sourcecode.c.h; path = "wallet-Bridging-Header.h"; sourceTree = "<group>"; };
		83111B5A1DA4144E006B058D /* walletTests-Bridging-Header.h */ = {isa = PBXFileReference; lastKnownFileType = sourcecode.c.h; path = "walletTests-Bridging-Header.h"; sourceTree = "<group>"; };
		83111B5B1DA4144E006B058D /* walletUITests-Bridging-Header.h */ = {isa = PBXFileReference; lastKnownFileType = sourcecode.c.h; path = "walletUITests-Bridging-Header.h"; sourceTree = "<group>"; };
		83111B761DA414EB006B058D /* JSONLD.framework */ = {isa = PBXFileReference; explicitFileType = wrapper.framework; path = JSONLD.framework; sourceTree = BUILT_PRODUCTS_DIR; };
		83115A5B1E0847EE00EDC0A2 /* NoContentView.swift */ = {isa = PBXFileReference; fileEncoding = 4; lastKnownFileType = sourcecode.swift; path = NoContentView.swift; sourceTree = "<group>"; };
		83115A5D1E087EA500EDC0A2 /* IssuerViewController.swift */ = {isa = PBXFileReference; fileEncoding = 4; lastKnownFileType = sourcecode.swift; path = IssuerViewController.swift; sourceTree = "<group>"; };
		83115A5F1E08863100EDC0A2 /* IssuerSummaryView.swift */ = {isa = PBXFileReference; fileEncoding = 4; lastKnownFileType = sourcecode.swift; path = IssuerSummaryView.swift; sourceTree = "<group>"; };
		8318FC501DAD5337006A8FD5 /* IssuerCollectionViewController.swift */ = {isa = PBXFileReference; fileEncoding = 4; lastKnownFileType = sourcecode.swift; path = IssuerCollectionViewController.swift; sourceTree = "<group>"; };
		8318FC561DAD958F006A8FD5 /* wallet.entitlements */ = {isa = PBXFileReference; lastKnownFileType = text.plist.entitlements; path = wallet.entitlements; sourceTree = "<group>"; };
		831EDC0D1ED3A20E004F135B /* RenderedCertificateView.swift */ = {isa = PBXFileReference; fileEncoding = 4; lastKnownFileType = sourcecode.swift; path = RenderedCertificateView.swift; sourceTree = "<group>"; };
		831EDC0E1ED3A20E004F135B /* RenderedCertificateView.xib */ = {isa = PBXFileReference; fileEncoding = 4; lastKnownFileType = file.xib; path = RenderedCertificateView.xib; sourceTree = "<group>"; };
		831EDC111ED5F7DA004F135B /* CoreBitcoinManager.swift */ = {isa = PBXFileReference; fileEncoding = 4; lastKnownFileType = sourcecode.swift; path = CoreBitcoinManager.swift; sourceTree = "<group>"; };
		831EDC121ED5F7DA004F135B /* Keychain.swift */ = {isa = PBXFileReference; fileEncoding = 4; lastKnownFileType = sourcecode.swift; path = Keychain.swift; sourceTree = "<group>"; };
		8329A0501DDA825200863285 /* IssuerSummaryTableViewCell.swift */ = {isa = PBXFileReference; fileEncoding = 4; lastKnownFileType = sourcecode.swift; path = IssuerSummaryTableViewCell.swift; sourceTree = "<group>"; };
		8329A0511DDA825200863285 /* IssuerSummaryTableViewCell.xib */ = {isa = PBXFileReference; fileEncoding = 4; lastKnownFileType = file.xib; path = IssuerSummaryTableViewCell.xib; sourceTree = "<group>"; };
		832AE0121DF893A900A3CA4A /* SkyFloatingLabelTextField.swift */ = {isa = PBXFileReference; fileEncoding = 4; lastKnownFileType = sourcecode.swift; name = SkyFloatingLabelTextField.swift; path = External/SkyFloatingLabelTextField/Sources/SkyFloatingLabelTextField.swift; sourceTree = "<group>"; };
		832AE0131DF893A900A3CA4A /* SkyFloatingLabelTextFieldWithIcon.swift */ = {isa = PBXFileReference; fileEncoding = 4; lastKnownFileType = sourcecode.swift; name = SkyFloatingLabelTextFieldWithIcon.swift; path = External/SkyFloatingLabelTextField/Sources/SkyFloatingLabelTextFieldWithIcon.swift; sourceTree = "<group>"; };
		832AE0141DF893A900A3CA4A /* UITextField+fixCaretPosition.swift */ = {isa = PBXFileReference; fileEncoding = 4; lastKnownFileType = sourcecode.swift; name = "UITextField+fixCaretPosition.swift"; path = "External/SkyFloatingLabelTextField/Sources/UITextField+fixCaretPosition.swift"; sourceTree = "<group>"; };
		832F2A481E944E1C00A65C3A /* CertificateMetadataViewController.swift */ = {isa = PBXFileReference; fileEncoding = 4; lastKnownFileType = sourcecode.swift; path = CertificateMetadataViewController.swift; sourceTree = "<group>"; };
		8337CFCB1E1D65140080E876 /* SettingsTableViewController.swift */ = {isa = PBXFileReference; fileEncoding = 4; lastKnownFileType = sourcecode.swift; path = SettingsTableViewController.swift; sourceTree = "<group>"; };
		8337CFCE1E1D6B7A0080E876 /* RevealPassphraseTableViewController.swift */ = {isa = PBXFileReference; fileEncoding = 4; lastKnownFileType = sourcecode.swift; path = RevealPassphraseTableViewController.swift; sourceTree = "<group>"; };
		8337CFD11E1D78110080E876 /* LabeledTableViewCell.swift */ = {isa = PBXFileReference; fileEncoding = 4; lastKnownFileType = sourcecode.swift; path = LabeledTableViewCell.swift; sourceTree = "<group>"; };
		834B94C51DC1618900543E4F /* IssuerCollectionViewCell.swift */ = {isa = PBXFileReference; fileEncoding = 4; lastKnownFileType = sourcecode.swift; path = IssuerCollectionViewCell.swift; sourceTree = "<group>"; };
		834B94C61DC1618900543E4F /* IssuerCollectionViewCell.xib */ = {isa = PBXFileReference; fileEncoding = 4; lastKnownFileType = file.xib; path = IssuerCollectionViewCell.xib; sourceTree = "<group>"; };
		836031BC1E5651C9005B2D2E /* PrivacyViewController.swift */ = {isa = PBXFileReference; fileEncoding = 4; lastKnownFileType = sourcecode.swift; path = PrivacyViewController.swift; sourceTree = "<group>"; };
		836031C21E5E5064005B2D2E /* SampleCertificate.json */ = {isa = PBXFileReference; fileEncoding = 4; lastKnownFileType = text.json; path = SampleCertificate.json; sourceTree = "<group>"; };
		836031C41E5E513A005B2D2E /* Settings.bundle */ = {isa = PBXFileReference; lastKnownFileType = "wrapper.plug-in"; path = Settings.bundle; sourceTree = "<group>"; };
		8360751C1F2A4CD300758C9E /* certificatesUITests.xctest */ = {isa = PBXFileReference; explicitFileType = wrapper.cfbundle; includeInIndex = 0; path = certificatesUITests.xctest; sourceTree = BUILT_PRODUCTS_DIR; };
		8360751E1F2A4CD300758C9E /* certificatesUITests.swift */ = {isa = PBXFileReference; lastKnownFileType = sourcecode.swift; path = certificatesUITests.swift; sourceTree = "<group>"; };
		836075201F2A4CD300758C9E /* Info.plist */ = {isa = PBXFileReference; lastKnownFileType = text.plist.xml; path = Info.plist; sourceTree = "<group>"; };
		836075261F2A4D9800758C9E /* OnboardingUITests.swift */ = {isa = PBXFileReference; fileEncoding = 4; lastKnownFileType = sourcecode.swift; path = OnboardingUITests.swift; sourceTree = "<group>"; };
		83802BF21E01BC1E00E54C13 /* NoCertificatesTableViewCell.swift */ = {isa = PBXFileReference; fileEncoding = 4; lastKnownFileType = sourcecode.swift; path = NoCertificatesTableViewCell.swift; sourceTree = "<group>"; };
		8388B8A91EDE15BF00B28A57 /* WebLoginViewController.swift */ = {isa = PBXFileReference; fileEncoding = 4; lastKnownFileType = sourcecode.swift; path = WebLoginViewController.swift; sourceTree = "<group>"; };
		838DC12C1E43EF1600533AEB /* ReplacePassphraseViewController.swift */ = {isa = PBXFileReference; fileEncoding = 4; lastKnownFileType = sourcecode.swift; path = ReplacePassphraseViewController.swift; sourceTree = "<group>"; };
		838DC1321E43EFB900533AEB /* Base */ = {isa = PBXFileReference; lastKnownFileType = file.xib; name = Base; path = Base.lproj/ReplacePassphraseViewController.xib; sourceTree = "<group>"; };
		838DC1351E43F0A400533AEB /* Base */ = {isa = PBXFileReference; lastKnownFileType = file.xib; name = Base; path = Base.lproj/NoCertificatesTableViewCell.xib; sourceTree = "<group>"; };
		838DC1381E43F0D300533AEB /* Base */ = {isa = PBXFileReference; lastKnownFileType = file.xib; name = Base; path = Base.lproj/AddIssuerViewController.xib; sourceTree = "<group>"; };
		838DC13B1E43F0F700533AEB /* Base */ = {isa = PBXFileReference; lastKnownFileType = file.xib; name = Base; path = Base.lproj/CertificateViewController.xib; sourceTree = "<group>"; };
		838DE6B81F3A344700185A49 /* ManagedIssuerTests.swift */ = {isa = PBXFileReference; lastKnownFileType = sourcecode.swift; path = ManagedIssuerTests.swift; sourceTree = "<group>"; };
		838DE6BC1F3A363800185A49 /* managed-issuer.json */ = {isa = PBXFileReference; lastKnownFileType = text.json; path = "managed-issuer.json"; sourceTree = "<group>"; };
		838DE6BE1F3A36DD00185A49 /* ArgumentParserTests.swift */ = {isa = PBXFileReference; lastKnownFileType = sourcecode.swift; name = ArgumentParserTests.swift; path = walletTests/Utils/ArgumentParserTests.swift; sourceTree = SOURCE_ROOT; };
		838DE6C91F3A750300185A49 /* ManagedIssuerList.swift */ = {isa = PBXFileReference; lastKnownFileType = sourcecode.swift; name = ManagedIssuerList.swift; path = Models/ManagedIssuerList.swift; sourceTree = "<group>"; };
		838DE6CB1F3A753B00185A49 /* ManagedIssuer.swift */ = {isa = PBXFileReference; lastKnownFileType = sourcecode.swift; name = ManagedIssuer.swift; path = Models/ManagedIssuer.swift; sourceTree = "<group>"; };
		838DE6CF1F3B659800185A49 /* CertificateManager.swift */ = {isa = PBXFileReference; lastKnownFileType = sourcecode.swift; name = CertificateManager.swift; path = Utils/CertificateManager.swift; sourceTree = "<group>"; };
		838DE6D31F3B67B300185A49 /* Analytics.swift */ = {isa = PBXFileReference; lastKnownFileType = sourcecode.swift; name = Analytics.swift; path = Utils/Analytics.swift; sourceTree = "<group>"; };
		838DE6D41F3B67F400185A49 /* Extensions.swift */ = {isa = PBXFileReference; lastKnownFileType = sourcecode.swift; name = Extensions.swift; path = Utils/Extensions.swift; sourceTree = "<group>"; };
		838DE6D51F3B67F400185A49 /* Constants.swift */ = {isa = PBXFileReference; lastKnownFileType = sourcecode.swift; name = Constants.swift; path = Utils/Constants.swift; sourceTree = "<group>"; };
		83A6EDD21DAFFAC200ABFB47 /* AddIssuerViewController.swift */ = {isa = PBXFileReference; fileEncoding = 4; lastKnownFileType = sourcecode.swift; path = AddIssuerViewController.swift; sourceTree = "<group>"; };
		83A6EDD81DAFFD5B00ABFB47 /* CertificateViewController.swift */ = {isa = PBXFileReference; fileEncoding = 4; lastKnownFileType = sourcecode.swift; path = CertificateViewController.swift; sourceTree = "<group>"; };
		83ACB76D1EDE30B700A1149E /* OnboardingViewControllers.swift */ = {isa = PBXFileReference; fileEncoding = 4; lastKnownFileType = sourcecode.swift; path = OnboardingViewControllers.swift; sourceTree = "<group>"; };
		83ACB76F1EDE556500A1149E /* Onboarding.storyboard */ = {isa = PBXFileReference; fileEncoding = 4; lastKnownFileType = file.storyboard; path = Onboarding.storyboard; sourceTree = "<group>"; };
		83D6BE9D1DC2B7B100FE0241 /* IssuerTableViewController.swift */ = {isa = PBXFileReference; fileEncoding = 4; lastKnownFileType = sourcecode.swift; path = IssuerTableViewController.swift; sourceTree = "<group>"; };
		83D947971E01EA3C0038C4E2 /* CertificateTitleTableViewCell.swift */ = {isa = PBXFileReference; fileEncoding = 4; lastKnownFileType = sourcecode.swift; path = CertificateTitleTableViewCell.swift; sourceTree = "<group>"; };
		83D947981E01EA3C0038C4E2 /* CertificateTitleTableViewCell.xib */ = {isa = PBXFileReference; fileEncoding = 4; lastKnownFileType = file.xib; path = CertificateTitleTableViewCell.xib; sourceTree = "<group>"; };
		83FF5DE61ECBA4100063397C /* Blockcerts.framework */ = {isa = PBXFileReference; explicitFileType = wrapper.framework; path = Blockcerts.framework; sourceTree = BUILT_PRODUCTS_DIR; };
		83FF5DE91ECBAC7A0063397C /* CertificateView.swift */ = {isa = PBXFileReference; fileEncoding = 4; lastKnownFileType = sourcecode.swift; path = CertificateView.swift; sourceTree = "<group>"; };
		C2F8BC2D27986317037BFD9D /* libPods-certificatesTests.a */ = {isa = PBXFileReference; explicitFileType = archive.ar; includeInIndex = 0; path = "libPods-certificatesTests.a"; sourceTree = BUILT_PRODUCTS_DIR; };
/* End PBXFileReference section */

/* Begin PBXFrameworksBuildPhase section */
		83111B211DA4110C006B058D /* Frameworks */ = {
			isa = PBXFrameworksBuildPhase;
			buildActionMask = 2147483647;
			files = (
				83FF5DE71ECBA4100063397C /* Blockcerts.framework in Frameworks */,
				830AB9EF1DA6BC4B00185E19 /* CommonCrypto.framework in Frameworks */,
				83111B771DA414EB006B058D /* JSONLD.framework in Frameworks */,
				ABC6BB21B68837562003AED2 /* libPods-certificates.a in Frameworks */,
			);
			runOnlyForDeploymentPostprocessing = 0;
		};
		83111B351DA4110C006B058D /* Frameworks */ = {
			isa = PBXFrameworksBuildPhase;
			buildActionMask = 2147483647;
			files = (
				6360BE865570CCDF5C814E4E /* libPods-certificatesTests.a in Frameworks */,
			);
			runOnlyForDeploymentPostprocessing = 0;
		};
		836075191F2A4CD300758C9E /* Frameworks */ = {
			isa = PBXFrameworksBuildPhase;
			buildActionMask = 2147483647;
			files = (
				D8A5012E533E2F30F5231695 /* libPods-certificatesUITests.a in Frameworks */,
			);
			runOnlyForDeploymentPostprocessing = 0;
		};
/* End PBXFrameworksBuildPhase section */

/* Begin PBXGroup section */
		6899B0CCC0FB539D95CDACB7 /* Pods */ = {
			isa = PBXGroup;
			children = (
				18ED839C370360E8561D2E36 /* Pods-certificates.debug.xcconfig */,
				5AB11E45F387B18A58FCF2A4 /* Pods-certificates.release.xcconfig */,
				006F6E9BF51BA616EAD3BDC3 /* Pods-certificatesTests.debug.xcconfig */,
				3C15AEB86836CEA4E704911A /* Pods-certificatesTests.release.xcconfig */,
				06EE858C3746A1D1413048DB /* Pods-certificatesUITests.debug.xcconfig */,
				7A35288CE0EE9C6B8329C464 /* Pods-certificatesUITests.release.xcconfig */,
			);
			name = Pods;
			sourceTree = "<group>";
		};
		830120331EF4481B008EC454 /* Utils */ = {
			isa = PBXGroup;
			children = (
				838DE6D31F3B67B300185A49 /* Analytics.swift */,
				830120341EF4483F008EC454 /* ArgumentParser.swift */,
				838DE6CF1F3B659800185A49 /* CertificateManager.swift */,
				838DE6D51F3B67F400185A49 /* Constants.swift */,
				838DE6D41F3B67F400185A49 /* Extensions.swift */,
			);
			name = Utils;
			sourceTree = "<group>";
		};
		83111B1B1DA4110C006B058D = {
			isa = PBXGroup;
			children = (
				836031C41E5E513A005B2D2E /* Settings.bundle */,
				836031C11E5E5064005B2D2E /* Assets */,
				832AE0101DF8921400A3CA4A /* External */,
				83111B261DA4110C006B058D /* wallet */,
				83111B3B1DA4110C006B058D /* walletTests */,
				8360751D1F2A4CD300758C9E /* certificatesUITests */,
				83111B251DA4110C006B058D /* Products */,
				6899B0CCC0FB539D95CDACB7 /* Pods */,
				A653FD3709C0B4FB37E36B2A /* Frameworks */,
			);
			sourceTree = "<group>";
		};
		83111B251DA4110C006B058D /* Products */ = {
			isa = PBXGroup;
			children = (
				83111B241DA4110C006B058D /* certificates.app */,
				83111B381DA4110C006B058D /* certificatesTests.xctest */,
				8360751C1F2A4CD300758C9E /* certificatesUITests.xctest */,
			);
			name = Products;
			sourceTree = "<group>";
		};
		83111B261DA4110C006B058D /* wallet */ = {
			isa = PBXGroup;
			children = (
				8318FC561DAD958F006A8FD5 /* wallet.entitlements */,
				831EDC111ED5F7DA004F135B /* CoreBitcoinManager.swift */,
				831EDC121ED5F7DA004F135B /* Keychain.swift */,
				838DE6C81F3A74B400185A49 /* Models */,
				830120331EF4481B008EC454 /* Utils */,
				83111B271DA4110C006B058D /* AppDelegate.swift */,
				83802BF61E01BC2B00E54C13 /* Cells */,
				83111B2B1DA4110C006B058D /* Main.storyboard */,
				83111B2E1DA4110C006B058D /* Assets.xcassets */,
				83111B301DA4110C006B058D /* LaunchScreen.storyboard */,
				83111B331DA4110C006B058D /* Info.plist */,
				8318FC501DAD5337006A8FD5 /* IssuerCollectionViewController.swift */,
				83D6BE9D1DC2B7B100FE0241 /* IssuerTableViewController.swift */,
				8337CFCE1E1D6B7A0080E876 /* RevealPassphraseTableViewController.swift */,
				83ACB76D1EDE30B700A1149E /* OnboardingViewControllers.swift */,
				83ACB76F1EDE556500A1149E /* Onboarding.storyboard */,
				83115A5D1E087EA500EDC0A2 /* IssuerViewController.swift */,
				8337CFCB1E1D65140080E876 /* SettingsTableViewController.swift */,
				832F2A481E944E1C00A65C3A /* CertificateMetadataViewController.swift */,
				836031BC1E5651C9005B2D2E /* PrivacyViewController.swift */,
				83115A5F1E08863100EDC0A2 /* IssuerSummaryView.swift */,
				83115A5B1E0847EE00EDC0A2 /* NoContentView.swift */,
				838DC1371E43F0D300533AEB /* AddIssuerViewController.xib */,
				83A6EDD21DAFFAC200ABFB47 /* AddIssuerViewController.swift */,
				83A6EDD81DAFFD5B00ABFB47 /* CertificateViewController.swift */,
				838DC13A1E43F0F700533AEB /* CertificateViewController.xib */,
				83111B561DA41417006B058D /* wallet-Bridging-Header.h */,
				83111B5A1DA4144E006B058D /* walletTests-Bridging-Header.h */,
				83111B5B1DA4144E006B058D /* walletUITests-Bridging-Header.h */,
				8388B8A91EDE15BF00B28A57 /* WebLoginViewController.swift */,
				838DC1311E43EFB900533AEB /* ReplacePassphraseViewController.xib */,
				838DC12C1E43EF1600533AEB /* ReplacePassphraseViewController.swift */,
				83FF5DE91ECBAC7A0063397C /* CertificateView.swift */,
				831EDC0D1ED3A20E004F135B /* RenderedCertificateView.swift */,
				831EDC0E1ED3A20E004F135B /* RenderedCertificateView.xib */,
			);
			path = wallet;
			sourceTree = "<group>";
		};
		83111B3B1DA4110C006B058D /* walletTests */ = {
			isa = PBXGroup;
			children = (
				83111B3C1DA4110C006B058D /* walletTests.swift */,
				838DE6BB1F3A351D00185A49 /* Resources */,
				838DE6BA1F3A345A00185A49 /* Utils */,
				838DE6B81F3A344700185A49 /* ManagedIssuerTests.swift */,
				83111B3E1DA4110C006B058D /* Info.plist */,
			);
			path = walletTests;
			sourceTree = "<group>";
		};
		832AE0101DF8921400A3CA4A /* External */ = {
			isa = PBXGroup;
			children = (
				832AE0111DF8921B00A3CA4A /* SkyLabel */,
			);
			name = External;
			sourceTree = "<group>";
		};
		832AE0111DF8921B00A3CA4A /* SkyLabel */ = {
			isa = PBXGroup;
			children = (
				832AE0121DF893A900A3CA4A /* SkyFloatingLabelTextField.swift */,
				832AE0131DF893A900A3CA4A /* SkyFloatingLabelTextFieldWithIcon.swift */,
				832AE0141DF893A900A3CA4A /* UITextField+fixCaretPosition.swift */,
			);
			name = SkyLabel;
			sourceTree = "<group>";
		};
		836031C11E5E5064005B2D2E /* Assets */ = {
			isa = PBXGroup;
			children = (
				836031C21E5E5064005B2D2E /* SampleCertificate.json */,
			);
			name = Assets;
			path = wallet/Assets;
			sourceTree = "<group>";
		};
		8360751D1F2A4CD300758C9E /* certificatesUITests */ = {
			isa = PBXGroup;
			children = (
				8360751E1F2A4CD300758C9E /* certificatesUITests.swift */,
				836075261F2A4D9800758C9E /* OnboardingUITests.swift */,
				836075201F2A4CD300758C9E /* Info.plist */,
			);
			path = certificatesUITests;
			sourceTree = "<group>";
		};
		83802BF61E01BC2B00E54C13 /* Cells */ = {
			isa = PBXGroup;
			children = (
				8337CFD11E1D78110080E876 /* LabeledTableViewCell.swift */,
				83D947971E01EA3C0038C4E2 /* CertificateTitleTableViewCell.swift */,
				83D947981E01EA3C0038C4E2 /* CertificateTitleTableViewCell.xib */,
				834B94C51DC1618900543E4F /* IssuerCollectionViewCell.swift */,
				834B94C61DC1618900543E4F /* IssuerCollectionViewCell.xib */,
				8329A0501DDA825200863285 /* IssuerSummaryTableViewCell.swift */,
				8329A0511DDA825200863285 /* IssuerSummaryTableViewCell.xib */,
				83802BF21E01BC1E00E54C13 /* NoCertificatesTableViewCell.swift */,
				838DC1341E43F0A400533AEB /* NoCertificatesTableViewCell.xib */,
			);
			name = Cells;
			sourceTree = "<group>";
		};
		838DE6BA1F3A345A00185A49 /* Utils */ = {
			isa = PBXGroup;
			children = (
				838DE6BE1F3A36DD00185A49 /* ArgumentParserTests.swift */,
			);
			name = Utils;
			path = "New Group";
			sourceTree = "<group>";
		};
		838DE6BB1F3A351D00185A49 /* Resources */ = {
			isa = PBXGroup;
			children = (
				838DE6BC1F3A363800185A49 /* managed-issuer.json */,
			);
			path = Resources;
			sourceTree = "<group>";
		};
		838DE6C81F3A74B400185A49 /* Models */ = {
			isa = PBXGroup;
			children = (
				838DE6CB1F3A753B00185A49 /* ManagedIssuer.swift */,
				838DE6C91F3A750300185A49 /* ManagedIssuerList.swift */,
			);
			name = Models;
			sourceTree = "<group>";
		};
		A653FD3709C0B4FB37E36B2A /* Frameworks */ = {
			isa = PBXGroup;
			children = (
				83FF5DE61ECBA4100063397C /* Blockcerts.framework */,
				830AB9EE1DA6BC4B00185E19 /* CommonCrypto.framework */,
				83111B761DA414EB006B058D /* JSONLD.framework */,
				1E8F8F788045077CB0389D73 /* libPods-certificates.a */,
				C2F8BC2D27986317037BFD9D /* libPods-certificatesTests.a */,
				4088D4A52B1AC1D4960CD4ED /* libPods-certificatesUITests.a */,
			);
			name = Frameworks;
			sourceTree = "<group>";
		};
/* End PBXGroup section */

/* Begin PBXNativeTarget section */
		83111B231DA4110C006B058D /* certificates */ = {
			isa = PBXNativeTarget;
			buildConfigurationList = 83111B4C1DA4110C006B058D /* Build configuration list for PBXNativeTarget "certificates" */;
			buildPhases = (
				C4F92AA0A7F6B12082D77826 /* [CP] Check Pods Manifest.lock */,
				83111B201DA4110C006B058D /* Sources */,
				83111B211DA4110C006B058D /* Frameworks */,
				83111B221DA4110C006B058D /* Resources */,
				006B5852D595A9A01201CAA3 /* [CP] Embed Pods Frameworks */,
				F65C77CEA313DD3106C499D5 /* [CP] Copy Pods Resources */,
				83111B791DA414EC006B058D /* Embed Frameworks */,
			);
			buildRules = (
			);
			dependencies = (
			);
			name = certificates;
			productName = wallet;
			productReference = 83111B241DA4110C006B058D /* certificates.app */;
			productType = "com.apple.product-type.application";
		};
		83111B371DA4110C006B058D /* certificatesTests */ = {
			isa = PBXNativeTarget;
			buildConfigurationList = 83111B4F1DA4110C006B058D /* Build configuration list for PBXNativeTarget "certificatesTests" */;
			buildPhases = (
				2856E0708F57BE4D4AFEDE2C /* [CP] Check Pods Manifest.lock */,
				83111B341DA4110C006B058D /* Sources */,
				83111B351DA4110C006B058D /* Frameworks */,
				83111B361DA4110C006B058D /* Resources */,
				ACDFADC4D19B0BC3A8E63BA3 /* [CP] Embed Pods Frameworks */,
				0BB09ADEF5FA9DAE711D9B64 /* [CP] Copy Pods Resources */,
			);
			buildRules = (
			);
			dependencies = (
				83111B3A1DA4110C006B058D /* PBXTargetDependency */,
			);
			name = certificatesTests;
			productName = walletTests;
			productReference = 83111B381DA4110C006B058D /* certificatesTests.xctest */;
			productType = "com.apple.product-type.bundle.unit-test";
		};
		8360751B1F2A4CD300758C9E /* certificatesUITests */ = {
			isa = PBXNativeTarget;
			buildConfigurationList = 836075231F2A4CD300758C9E /* Build configuration list for PBXNativeTarget "certificatesUITests" */;
			buildPhases = (
				4E0FF421B4AAC602A8ADECE2 /* [CP] Check Pods Manifest.lock */,
				836075181F2A4CD300758C9E /* Sources */,
				836075191F2A4CD300758C9E /* Frameworks */,
				8360751A1F2A4CD300758C9E /* Resources */,
				6BBF86BD3E74082EB2FE92F7 /* [CP] Embed Pods Frameworks */,
				4BD338FB69DC8B791B60AD67 /* [CP] Copy Pods Resources */,
			);
			buildRules = (
			);
			dependencies = (
				836075221F2A4CD300758C9E /* PBXTargetDependency */,
			);
			name = certificatesUITests;
			productName = certificatesUITests;
			productReference = 8360751C1F2A4CD300758C9E /* certificatesUITests.xctest */;
			productType = "com.apple.product-type.bundle.ui-testing";
		};
/* End PBXNativeTarget section */

/* Begin PBXProject section */
		83111B1C1DA4110C006B058D /* Project object */ = {
			isa = PBXProject;
			attributes = {
				LastSwiftUpdateCheck = 0830;
				LastUpgradeCheck = 0820;
				ORGANIZATIONNAME = "Learning Machine, Inc";
				TargetAttributes = {
					83111B231DA4110C006B058D = {
						CreatedOnToolsVersion = 8.0;
						DevelopmentTeam = CYEWR6MU44;
						LastSwiftMigration = 0800;
						ProvisioningStyle = Automatic;
						SystemCapabilities = {
							com.apple.ApplicationGroups.iOS = {
								enabled = 1;
							};
							com.apple.Push = {
								enabled = 1;
							};
							com.apple.SafariKeychain = {
								enabled = 1;
							};
							com.apple.iCloud = {
								enabled = 1;
							};
						};
					};
					83111B371DA4110C006B058D = {
						CreatedOnToolsVersion = 8.0;
						DevelopmentTeam = CYEWR6MU44;
						LastSwiftMigration = 0800;
						ProvisioningStyle = Automatic;
						TestTargetID = 83111B231DA4110C006B058D;
					};
					8360751B1F2A4CD300758C9E = {
						CreatedOnToolsVersion = 8.3.3;
						DevelopmentTeam = CYEWR6MU44;
						ProvisioningStyle = Automatic;
						TestTargetID = 83111B231DA4110C006B058D;
					};
				};
			};
			buildConfigurationList = 83111B1F1DA4110C006B058D /* Build configuration list for PBXProject "wallet" */;
			compatibilityVersion = "Xcode 3.2";
			developmentRegion = English;
			hasScannedForEncodings = 0;
			knownRegions = (
				en,
				Base,
			);
			mainGroup = 83111B1B1DA4110C006B058D;
			productRefGroup = 83111B251DA4110C006B058D /* Products */;
			projectDirPath = "";
			projectRoot = "";
			targets = (
				83111B231DA4110C006B058D /* certificates */,
				83111B371DA4110C006B058D /* certificatesTests */,
				8360751B1F2A4CD300758C9E /* certificatesUITests */,
			);
		};
/* End PBXProject section */

/* Begin PBXResourcesBuildPhase section */
		83111B221DA4110C006B058D /* Resources */ = {
			isa = PBXResourcesBuildPhase;
			buildActionMask = 2147483647;
			files = (
				838DC1391E43F0D300533AEB /* AddIssuerViewController.xib in Resources */,
				831EDC101ED3A20E004F135B /* RenderedCertificateView.xib in Resources */,
				83111B321DA4110C006B058D /* LaunchScreen.storyboard in Resources */,
				8329A0531DDA825200863285 /* IssuerSummaryTableViewCell.xib in Resources */,
				83111B2F1DA4110C006B058D /* Assets.xcassets in Resources */,
				83D9479A1E01EA3C0038C4E2 /* CertificateTitleTableViewCell.xib in Resources */,
				836031C51E5E513A005B2D2E /* Settings.bundle in Resources */,
				838DC1361E43F0A400533AEB /* NoCertificatesTableViewCell.xib in Resources */,
				838DC1331E43EFB900533AEB /* ReplacePassphraseViewController.xib in Resources */,
				838DC13C1E43F0F700533AEB /* CertificateViewController.xib in Resources */,
				834B94CA1DC1618900543E4F /* IssuerCollectionViewCell.xib in Resources */,
				83ACB7701EDE556500A1149E /* Onboarding.storyboard in Resources */,
				83111B2D1DA4110C006B058D /* Main.storyboard in Resources */,
				836031C31E5E5064005B2D2E /* SampleCertificate.json in Resources */,
			);
			runOnlyForDeploymentPostprocessing = 0;
		};
		83111B361DA4110C006B058D /* Resources */ = {
			isa = PBXResourcesBuildPhase;
			buildActionMask = 2147483647;
			files = (
				838DE6BD1F3A363800185A49 /* managed-issuer.json in Resources */,
				834B94CB1DC1618900543E4F /* IssuerCollectionViewCell.xib in Resources */,
			);
			runOnlyForDeploymentPostprocessing = 0;
		};
		8360751A1F2A4CD300758C9E /* Resources */ = {
			isa = PBXResourcesBuildPhase;
			buildActionMask = 2147483647;
			files = (
			);
			runOnlyForDeploymentPostprocessing = 0;
		};
/* End PBXResourcesBuildPhase section */

/* Begin PBXShellScriptBuildPhase section */
		006B5852D595A9A01201CAA3 /* [CP] Embed Pods Frameworks */ = {
			isa = PBXShellScriptBuildPhase;
			buildActionMask = 2147483647;
			files = (
			);
			inputPaths = (
			);
			name = "[CP] Embed Pods Frameworks";
			outputPaths = (
			);
			runOnlyForDeploymentPostprocessing = 0;
			shellPath = /bin/sh;
			shellScript = "\"${SRCROOT}/Pods/Target Support Files/Pods-certificates/Pods-certificates-frameworks.sh\"\n";
			showEnvVarsInLog = 0;
		};
		0BB09ADEF5FA9DAE711D9B64 /* [CP] Copy Pods Resources */ = {
			isa = PBXShellScriptBuildPhase;
			buildActionMask = 2147483647;
			files = (
			);
			inputPaths = (
			);
			name = "[CP] Copy Pods Resources";
			outputPaths = (
			);
			runOnlyForDeploymentPostprocessing = 0;
			shellPath = /bin/sh;
			shellScript = "\"${SRCROOT}/Pods/Target Support Files/Pods-certificatesTests/Pods-certificatesTests-resources.sh\"\n";
			showEnvVarsInLog = 0;
		};
		2856E0708F57BE4D4AFEDE2C /* [CP] Check Pods Manifest.lock */ = {
			isa = PBXShellScriptBuildPhase;
			buildActionMask = 2147483647;
			files = (
			);
			inputPaths = (
			);
			name = "[CP] Check Pods Manifest.lock";
			outputPaths = (
			);
			runOnlyForDeploymentPostprocessing = 0;
			shellPath = /bin/sh;
			shellScript = "diff \"${PODS_ROOT}/../Podfile.lock\" \"${PODS_ROOT}/Manifest.lock\" > /dev/null\nif [ $? != 0 ] ; then\n    # print error to STDERR\n    echo \"error: The sandbox is not in sync with the Podfile.lock. Run 'pod install' or update your CocoaPods installation.\" >&2\n    exit 1\nfi\n";
			showEnvVarsInLog = 0;
		};
		4BD338FB69DC8B791B60AD67 /* [CP] Copy Pods Resources */ = {
			isa = PBXShellScriptBuildPhase;
			buildActionMask = 2147483647;
			files = (
			);
			inputPaths = (
			);
			name = "[CP] Copy Pods Resources";
			outputPaths = (
			);
			runOnlyForDeploymentPostprocessing = 0;
			shellPath = /bin/sh;
			shellScript = "\"${SRCROOT}/Pods/Target Support Files/Pods-certificatesUITests/Pods-certificatesUITests-resources.sh\"\n";
			showEnvVarsInLog = 0;
		};
		4E0FF421B4AAC602A8ADECE2 /* [CP] Check Pods Manifest.lock */ = {
			isa = PBXShellScriptBuildPhase;
			buildActionMask = 2147483647;
			files = (
			);
			inputPaths = (
			);
			name = "[CP] Check Pods Manifest.lock";
			outputPaths = (
			);
			runOnlyForDeploymentPostprocessing = 0;
			shellPath = /bin/sh;
			shellScript = "diff \"${PODS_ROOT}/../Podfile.lock\" \"${PODS_ROOT}/Manifest.lock\" > /dev/null\nif [ $? != 0 ] ; then\n    # print error to STDERR\n    echo \"error: The sandbox is not in sync with the Podfile.lock. Run 'pod install' or update your CocoaPods installation.\" >&2\n    exit 1\nfi\n";
			showEnvVarsInLog = 0;
		};
		6BBF86BD3E74082EB2FE92F7 /* [CP] Embed Pods Frameworks */ = {
			isa = PBXShellScriptBuildPhase;
			buildActionMask = 2147483647;
			files = (
			);
			inputPaths = (
			);
			name = "[CP] Embed Pods Frameworks";
			outputPaths = (
			);
			runOnlyForDeploymentPostprocessing = 0;
			shellPath = /bin/sh;
			shellScript = "\"${SRCROOT}/Pods/Target Support Files/Pods-certificatesUITests/Pods-certificatesUITests-frameworks.sh\"\n";
			showEnvVarsInLog = 0;
		};
		ACDFADC4D19B0BC3A8E63BA3 /* [CP] Embed Pods Frameworks */ = {
			isa = PBXShellScriptBuildPhase;
			buildActionMask = 2147483647;
			files = (
			);
			inputPaths = (
			);
			name = "[CP] Embed Pods Frameworks";
			outputPaths = (
			);
			runOnlyForDeploymentPostprocessing = 0;
			shellPath = /bin/sh;
			shellScript = "\"${SRCROOT}/Pods/Target Support Files/Pods-certificatesTests/Pods-certificatesTests-frameworks.sh\"\n";
			showEnvVarsInLog = 0;
		};
		C4F92AA0A7F6B12082D77826 /* [CP] Check Pods Manifest.lock */ = {
			isa = PBXShellScriptBuildPhase;
			buildActionMask = 2147483647;
			files = (
			);
			inputPaths = (
			);
			name = "[CP] Check Pods Manifest.lock";
			outputPaths = (
			);
			runOnlyForDeploymentPostprocessing = 0;
			shellPath = /bin/sh;
			shellScript = "diff \"${PODS_ROOT}/../Podfile.lock\" \"${PODS_ROOT}/Manifest.lock\" > /dev/null\nif [ $? != 0 ] ; then\n    # print error to STDERR\n    echo \"error: The sandbox is not in sync with the Podfile.lock. Run 'pod install' or update your CocoaPods installation.\" >&2\n    exit 1\nfi\n";
			showEnvVarsInLog = 0;
		};
		F65C77CEA313DD3106C499D5 /* [CP] Copy Pods Resources */ = {
			isa = PBXShellScriptBuildPhase;
			buildActionMask = 2147483647;
			files = (
			);
			inputPaths = (
			);
			name = "[CP] Copy Pods Resources";
			outputPaths = (
			);
			runOnlyForDeploymentPostprocessing = 0;
			shellPath = /bin/sh;
			shellScript = "\"${SRCROOT}/Pods/Target Support Files/Pods-certificates/Pods-certificates-resources.sh\"\n";
			showEnvVarsInLog = 0;
		};
/* End PBXShellScriptBuildPhase section */

/* Begin PBXSourcesBuildPhase section */
		83111B201DA4110C006B058D /* Sources */ = {
			isa = PBXSourcesBuildPhase;
			buildActionMask = 2147483647;
			files = (
				83A6EDDA1DAFFD5B00ABFB47 /* CertificateViewController.swift in Sources */,
				832AE0161DF893A900A3CA4A /* SkyFloatingLabelTextFieldWithIcon.swift in Sources */,
				838DE6CE1F3A772400185A49 /* ManagedIssuerList.swift in Sources */,
				83115A601E08863100EDC0A2 /* IssuerSummaryView.swift in Sources */,
				832AE0171DF893A900A3CA4A /* UITextField+fixCaretPosition.swift in Sources */,
				83D947991E01EA3C0038C4E2 /* CertificateTitleTableViewCell.swift in Sources */,
				8329A0521DDA825200863285 /* IssuerSummaryTableViewCell.swift in Sources */,
				838DE6D61F3B680500185A49 /* Constants.swift in Sources */,
				831EDC141ED5F7DA004F135B /* Keychain.swift in Sources */,
				8337CFD21E1D78110080E876 /* LabeledTableViewCell.swift in Sources */,
				83111B281DA4110C006B058D /* AppDelegate.swift in Sources */,
				838DC1301E43EF1600533AEB /* ReplacePassphraseViewController.swift in Sources */,
				834B94C71DC1618900543E4F /* IssuerCollectionViewCell.swift in Sources */,
				83115A5E1E087EA500EDC0A2 /* IssuerViewController.swift in Sources */,
				838DE6D21F3B665C00185A49 /* CertificateManager.swift in Sources */,
				83D6BE9F1DC2B7B100FE0241 /* IssuerTableViewController.swift in Sources */,
				838DE6DA1F3B684600185A49 /* Analytics.swift in Sources */,
				830120351EF4483F008EC454 /* ArgumentParser.swift in Sources */,
				832F2A491E944E1C00A65C3A /* CertificateMetadataViewController.swift in Sources */,
				8388B8AA1EDE15BF00B28A57 /* WebLoginViewController.swift in Sources */,
				836031BD1E5651C9005B2D2E /* PrivacyViewController.swift in Sources */,
				838DE6CD1F3A771D00185A49 /* ManagedIssuer.swift in Sources */,
				83802BF41E01BC1E00E54C13 /* NoCertificatesTableViewCell.swift in Sources */,
				8318FC511DAD5337006A8FD5 /* IssuerCollectionViewController.swift in Sources */,
				831EDC131ED5F7DA004F135B /* CoreBitcoinManager.swift in Sources */,
				831EDC0F1ED3A20E004F135B /* RenderedCertificateView.swift in Sources */,
				83ACB76E1EDE30B700A1149E /* OnboardingViewControllers.swift in Sources */,
				8337CFCC1E1D65140080E876 /* SettingsTableViewController.swift in Sources */,
				8337CFCF1E1D6B7A0080E876 /* RevealPassphraseTableViewController.swift in Sources */,
				83115A5C1E0847EE00EDC0A2 /* NoContentView.swift in Sources */,
				832AE0151DF893A900A3CA4A /* SkyFloatingLabelTextField.swift in Sources */,
				83A6EDD41DAFFAC200ABFB47 /* AddIssuerViewController.swift in Sources */,
				838DE6D81F3B680800185A49 /* Extensions.swift in Sources */,
				83FF5DEA1ECBAC7A0063397C /* CertificateView.swift in Sources */,
			);
			runOnlyForDeploymentPostprocessing = 0;
		};
		83111B341DA4110C006B058D /* Sources */ = {
			isa = PBXSourcesBuildPhase;
			buildActionMask = 2147483647;
			files = (
				838DE6CC1F3A753B00185A49 /* ManagedIssuer.swift in Sources */,
				83111B3D1DA4110C006B058D /* walletTests.swift in Sources */,
				838DE6B91F3A344700185A49 /* ManagedIssuerTests.swift in Sources */,
				838DE6D91F3B680900185A49 /* Extensions.swift in Sources */,
				8345E0EC1EF47F5D007C1FC5 /* Keychain.swift in Sources */,
				838DE6D71F3B680600185A49 /* Constants.swift in Sources */,
				838DE6CA1F3A750300185A49 /* ManagedIssuerList.swift in Sources */,
				830120381EF44AE5008EC454 /* ArgumentParser.swift in Sources */,
				838DE6DB1F3B684700185A49 /* Analytics.swift in Sources */,
			);
			runOnlyForDeploymentPostprocessing = 0;
		};
		836075181F2A4CD300758C9E /* Sources */ = {
			isa = PBXSourcesBuildPhase;
			buildActionMask = 2147483647;
			files = (
				836075271F2A4D9800758C9E /* OnboardingUITests.swift in Sources */,
				8360751F1F2A4CD300758C9E /* certificatesUITests.swift in Sources */,
			);
			runOnlyForDeploymentPostprocessing = 0;
		};
/* End PBXSourcesBuildPhase section */

/* Begin PBXTargetDependency section */
		83111B3A1DA4110C006B058D /* PBXTargetDependency */ = {
			isa = PBXTargetDependency;
			target = 83111B231DA4110C006B058D /* certificates */;
			targetProxy = 83111B391DA4110C006B058D /* PBXContainerItemProxy */;
		};
		836075221F2A4CD300758C9E /* PBXTargetDependency */ = {
			isa = PBXTargetDependency;
			target = 83111B231DA4110C006B058D /* certificates */;
			targetProxy = 836075211F2A4CD300758C9E /* PBXContainerItemProxy */;
		};
/* End PBXTargetDependency section */

/* Begin PBXVariantGroup section */
		83111B2B1DA4110C006B058D /* Main.storyboard */ = {
			isa = PBXVariantGroup;
			children = (
				83111B2C1DA4110C006B058D /* Base */,
			);
			name = Main.storyboard;
			sourceTree = "<group>";
		};
		83111B301DA4110C006B058D /* LaunchScreen.storyboard */ = {
			isa = PBXVariantGroup;
			children = (
				83111B311DA4110C006B058D /* Base */,
			);
			name = LaunchScreen.storyboard;
			sourceTree = "<group>";
		};
		838DC1311E43EFB900533AEB /* ReplacePassphraseViewController.xib */ = {
			isa = PBXVariantGroup;
			children = (
				838DC1321E43EFB900533AEB /* Base */,
			);
			name = ReplacePassphraseViewController.xib;
			sourceTree = "<group>";
		};
		838DC1341E43F0A400533AEB /* NoCertificatesTableViewCell.xib */ = {
			isa = PBXVariantGroup;
			children = (
				838DC1351E43F0A400533AEB /* Base */,
			);
			name = NoCertificatesTableViewCell.xib;
			sourceTree = "<group>";
		};
		838DC1371E43F0D300533AEB /* AddIssuerViewController.xib */ = {
			isa = PBXVariantGroup;
			children = (
				838DC1381E43F0D300533AEB /* Base */,
			);
			name = AddIssuerViewController.xib;
			sourceTree = "<group>";
		};
		838DC13A1E43F0F700533AEB /* CertificateViewController.xib */ = {
			isa = PBXVariantGroup;
			children = (
				838DC13B1E43F0F700533AEB /* Base */,
			);
			name = CertificateViewController.xib;
			sourceTree = "<group>";
		};
/* End PBXVariantGroup section */

/* Begin XCBuildConfiguration section */
		83111B4A1DA4110C006B058D /* Debug */ = {
			isa = XCBuildConfiguration;
			buildSettings = {
				ALWAYS_SEARCH_USER_PATHS = NO;
				CLANG_ANALYZER_LOCALIZABILITY_NONLOCALIZED = YES;
				CLANG_ANALYZER_NONNULL = YES;
				CLANG_CXX_LANGUAGE_STANDARD = "gnu++0x";
				CLANG_CXX_LIBRARY = "libc++";
				CLANG_ENABLE_MODULES = YES;
				CLANG_ENABLE_OBJC_ARC = YES;
				CLANG_WARN_BOOL_CONVERSION = YES;
				CLANG_WARN_CONSTANT_CONVERSION = YES;
				CLANG_WARN_DIRECT_OBJC_ISA_USAGE = YES_ERROR;
				CLANG_WARN_DOCUMENTATION_COMMENTS = YES;
				CLANG_WARN_EMPTY_BODY = YES;
				CLANG_WARN_ENUM_CONVERSION = YES;
				CLANG_WARN_INFINITE_RECURSION = YES;
				CLANG_WARN_INT_CONVERSION = YES;
				CLANG_WARN_OBJC_ROOT_CLASS = YES_ERROR;
				CLANG_WARN_SUSPICIOUS_MOVE = YES;
				CLANG_WARN_SUSPICIOUS_MOVES = YES;
				CLANG_WARN_UNREACHABLE_CODE = YES;
				CLANG_WARN__DUPLICATE_METHOD_MATCH = YES;
				"CODE_SIGN_IDENTITY[sdk=iphoneos*]" = "iPhone Developer";
				COPY_PHASE_STRIP = NO;
				DEBUG_INFORMATION_FORMAT = dwarf;
				ENABLE_STRICT_OBJC_MSGSEND = YES;
				ENABLE_TESTABILITY = YES;
				GCC_C_LANGUAGE_STANDARD = gnu99;
				GCC_DYNAMIC_NO_PIC = NO;
				GCC_NO_COMMON_BLOCKS = YES;
				GCC_OPTIMIZATION_LEVEL = 0;
				GCC_PREPROCESSOR_DEFINITIONS = (
					"DEBUG=1",
					"$(inherited)",
				);
				GCC_WARN_64_TO_32_BIT_CONVERSION = YES;
				GCC_WARN_ABOUT_RETURN_TYPE = YES_ERROR;
				GCC_WARN_UNDECLARED_SELECTOR = YES;
				GCC_WARN_UNINITIALIZED_AUTOS = YES_AGGRESSIVE;
				GCC_WARN_UNUSED_FUNCTION = YES;
				GCC_WARN_UNUSED_VARIABLE = YES;
				IPHONEOS_DEPLOYMENT_TARGET = 10.0;
				MTL_ENABLE_DEBUG_INFO = YES;
				ONLY_ACTIVE_ARCH = YES;
				SDKROOT = iphoneos;
				SWIFT_ACTIVE_COMPILATION_CONDITIONS = DEBUG;
				SWIFT_OPTIMIZATION_LEVEL = "-Onone";
			};
			name = Debug;
		};
		83111B4B1DA4110C006B058D /* Release */ = {
			isa = XCBuildConfiguration;
			buildSettings = {
				ALWAYS_SEARCH_USER_PATHS = NO;
				CLANG_ANALYZER_LOCALIZABILITY_NONLOCALIZED = YES;
				CLANG_ANALYZER_NONNULL = YES;
				CLANG_CXX_LANGUAGE_STANDARD = "gnu++0x";
				CLANG_CXX_LIBRARY = "libc++";
				CLANG_ENABLE_MODULES = YES;
				CLANG_ENABLE_OBJC_ARC = YES;
				CLANG_WARN_BOOL_CONVERSION = YES;
				CLANG_WARN_CONSTANT_CONVERSION = YES;
				CLANG_WARN_DIRECT_OBJC_ISA_USAGE = YES_ERROR;
				CLANG_WARN_DOCUMENTATION_COMMENTS = YES;
				CLANG_WARN_EMPTY_BODY = YES;
				CLANG_WARN_ENUM_CONVERSION = YES;
				CLANG_WARN_INFINITE_RECURSION = YES;
				CLANG_WARN_INT_CONVERSION = YES;
				CLANG_WARN_OBJC_ROOT_CLASS = YES_ERROR;
				CLANG_WARN_SUSPICIOUS_MOVE = YES;
				CLANG_WARN_SUSPICIOUS_MOVES = YES;
				CLANG_WARN_UNREACHABLE_CODE = YES;
				CLANG_WARN__DUPLICATE_METHOD_MATCH = YES;
				"CODE_SIGN_IDENTITY[sdk=iphoneos*]" = "iPhone Developer";
				COPY_PHASE_STRIP = NO;
				DEBUG_INFORMATION_FORMAT = "dwarf-with-dsym";
				ENABLE_NS_ASSERTIONS = NO;
				ENABLE_STRICT_OBJC_MSGSEND = YES;
				GCC_C_LANGUAGE_STANDARD = gnu99;
				GCC_NO_COMMON_BLOCKS = YES;
				GCC_WARN_64_TO_32_BIT_CONVERSION = YES;
				GCC_WARN_ABOUT_RETURN_TYPE = YES_ERROR;
				GCC_WARN_UNDECLARED_SELECTOR = YES;
				GCC_WARN_UNINITIALIZED_AUTOS = YES_AGGRESSIVE;
				GCC_WARN_UNUSED_FUNCTION = YES;
				GCC_WARN_UNUSED_VARIABLE = YES;
				IPHONEOS_DEPLOYMENT_TARGET = 10.0;
				MTL_ENABLE_DEBUG_INFO = NO;
				SDKROOT = iphoneos;
				SWIFT_OPTIMIZATION_LEVEL = "-Owholemodule";
				VALIDATE_PRODUCT = YES;
			};
			name = Release;
		};
		83111B4D1DA4110C006B058D /* Debug */ = {
			isa = XCBuildConfiguration;
			baseConfigurationReference = 18ED839C370360E8561D2E36 /* Pods-certificates.debug.xcconfig */;
			buildSettings = {
				ASSETCATALOG_COMPILER_APPICON_NAME = AppIcon;
				CLANG_ENABLE_MODULES = YES;
				CODE_SIGN_ENTITLEMENTS = wallet/wallet.entitlements;
				CURRENT_PROJECT_VERSION = 92;
				DEVELOPMENT_TEAM = CYEWR6MU44;
				FRAMEWORK_SEARCH_PATHS = "$(inherited)";
				GCC_TREAT_WARNINGS_AS_ERRORS = YES;
				INFOPLIST_FILE = wallet/Info.plist;
				LD_RUNPATH_SEARCH_PATHS = "$(inherited) @executable_path/Frameworks";
				PRODUCT_BUNDLE_IDENTIFIER = "org.blockcerts.cert-wallet";
				PRODUCT_NAME = "$(TARGET_NAME)";
				SWIFT_OBJC_BRIDGING_HEADER = "wallet/wallet-Bridging-Header.h";
				SWIFT_OPTIMIZATION_LEVEL = "-Onone";
				SWIFT_VERSION = 3.0;
			};
			name = Debug;
		};
		83111B4E1DA4110C006B058D /* Release */ = {
			isa = XCBuildConfiguration;
			baseConfigurationReference = 5AB11E45F387B18A58FCF2A4 /* Pods-certificates.release.xcconfig */;
			buildSettings = {
				ASSETCATALOG_COMPILER_APPICON_NAME = AppIcon;
				CLANG_ENABLE_MODULES = YES;
				CODE_SIGN_ENTITLEMENTS = wallet/wallet.entitlements;
				CURRENT_PROJECT_VERSION = 92;
				DEVELOPMENT_TEAM = CYEWR6MU44;
				FRAMEWORK_SEARCH_PATHS = "$(inherited)";
				GCC_TREAT_WARNINGS_AS_ERRORS = YES;
				INFOPLIST_FILE = wallet/Info.plist;
				LD_RUNPATH_SEARCH_PATHS = "$(inherited) @executable_path/Frameworks";
				PRODUCT_BUNDLE_IDENTIFIER = "org.blockcerts.cert-wallet";
				PRODUCT_NAME = "$(TARGET_NAME)";
				SWIFT_OBJC_BRIDGING_HEADER = "wallet/wallet-Bridging-Header.h";
				SWIFT_VERSION = 3.0;
			};
			name = Release;
		};
		83111B501DA4110C006B058D /* Debug */ = {
			isa = XCBuildConfiguration;
			baseConfigurationReference = 006F6E9BF51BA616EAD3BDC3 /* Pods-certificatesTests.debug.xcconfig */;
			buildSettings = {
				BUNDLE_LOADER = "$(TEST_HOST)";
				CLANG_ENABLE_MODULES = YES;
				DEVELOPMENT_TEAM = CYEWR6MU44;
				GCC_TREAT_WARNINGS_AS_ERRORS = YES;
				INFOPLIST_FILE = walletTests/Info.plist;
				LD_RUNPATH_SEARCH_PATHS = "$(inherited) @executable_path/Frameworks @loader_path/Frameworks";
				PRODUCT_BUNDLE_IDENTIFIER = com.learningmachine.walletTests;
				PRODUCT_NAME = "$(TARGET_NAME)";
				SWIFT_OBJC_BRIDGING_HEADER = "wallet/walletTests-Bridging-Header.h";
				SWIFT_OPTIMIZATION_LEVEL = "-Onone";
				SWIFT_VERSION = 3.0;
				TEST_HOST = "$(BUILT_PRODUCTS_DIR)/certificates.app/certificates";
			};
			name = Debug;
		};
		83111B511DA4110C006B058D /* Release */ = {
			isa = XCBuildConfiguration;
			baseConfigurationReference = 3C15AEB86836CEA4E704911A /* Pods-certificatesTests.release.xcconfig */;
			buildSettings = {
				BUNDLE_LOADER = "$(TEST_HOST)";
				CLANG_ENABLE_MODULES = YES;
				DEVELOPMENT_TEAM = CYEWR6MU44;
				GCC_TREAT_WARNINGS_AS_ERRORS = YES;
				INFOPLIST_FILE = walletTests/Info.plist;
				LD_RUNPATH_SEARCH_PATHS = "$(inherited) @executable_path/Frameworks @loader_path/Frameworks";
				PRODUCT_BUNDLE_IDENTIFIER = com.learningmachine.walletTests;
				PRODUCT_NAME = "$(TARGET_NAME)";
				SWIFT_OBJC_BRIDGING_HEADER = "wallet/walletTests-Bridging-Header.h";
				SWIFT_VERSION = 3.0;
				TEST_HOST = "$(BUILT_PRODUCTS_DIR)/certificates.app/certificates";
			};
			name = Release;
		};
		836075241F2A4CD300758C9E /* Debug */ = {
			isa = XCBuildConfiguration;
			baseConfigurationReference = 06EE858C3746A1D1413048DB /* Pods-certificatesUITests.debug.xcconfig */;
			buildSettings = {
				CLANG_ANALYZER_NUMBER_OBJECT_CONVERSION = YES_AGGRESSIVE;
				DEVELOPMENT_TEAM = CYEWR6MU44;
				GCC_TREAT_WARNINGS_AS_ERRORS = YES;
				INFOPLIST_FILE = certificatesUITests/Info.plist;
				IPHONEOS_DEPLOYMENT_TARGET = 10.3;
				LD_RUNPATH_SEARCH_PATHS = "$(inherited) @executable_path/Frameworks @loader_path/Frameworks";
				PRODUCT_BUNDLE_IDENTIFIER = com.learningmachine.certificatesUITests;
				PRODUCT_NAME = "$(TARGET_NAME)";
				SWIFT_VERSION = 3.0;
				TEST_TARGET_NAME = certificates;
			};
			name = Debug;
		};
		836075251F2A4CD300758C9E /* Release */ = {
			isa = XCBuildConfiguration;
			baseConfigurationReference = 7A35288CE0EE9C6B8329C464 /* Pods-certificatesUITests.release.xcconfig */;
			buildSettings = {
				CLANG_ANALYZER_NUMBER_OBJECT_CONVERSION = YES_AGGRESSIVE;
				DEVELOPMENT_TEAM = CYEWR6MU44;
				GCC_TREAT_WARNINGS_AS_ERRORS = YES;
				INFOPLIST_FILE = certificatesUITests/Info.plist;
				IPHONEOS_DEPLOYMENT_TARGET = 10.3;
				LD_RUNPATH_SEARCH_PATHS = "$(inherited) @executable_path/Frameworks @loader_path/Frameworks";
				PRODUCT_BUNDLE_IDENTIFIER = com.learningmachine.certificatesUITests;
				PRODUCT_NAME = "$(TARGET_NAME)";
				SWIFT_VERSION = 3.0;
				TEST_TARGET_NAME = certificates;
			};
			name = Release;
		};
/* End XCBuildConfiguration section */

/* Begin XCConfigurationList section */
		83111B1F1DA4110C006B058D /* Build configuration list for PBXProject "wallet" */ = {
			isa = XCConfigurationList;
			buildConfigurations = (
				83111B4A1DA4110C006B058D /* Debug */,
				83111B4B1DA4110C006B058D /* Release */,
			);
			defaultConfigurationIsVisible = 0;
			defaultConfigurationName = Release;
		};
		83111B4C1DA4110C006B058D /* Build configuration list for PBXNativeTarget "certificates" */ = {
			isa = XCConfigurationList;
			buildConfigurations = (
				83111B4D1DA4110C006B058D /* Debug */,
				83111B4E1DA4110C006B058D /* Release */,
			);
			defaultConfigurationIsVisible = 0;
			defaultConfigurationName = Release;
		};
		83111B4F1DA4110C006B058D /* Build configuration list for PBXNativeTarget "certificatesTests" */ = {
			isa = XCConfigurationList;
			buildConfigurations = (
				83111B501DA4110C006B058D /* Debug */,
				83111B511DA4110C006B058D /* Release */,
			);
			defaultConfigurationIsVisible = 0;
			defaultConfigurationName = Release;
		};
		836075231F2A4CD300758C9E /* Build configuration list for PBXNativeTarget "certificatesUITests" */ = {
			isa = XCConfigurationList;
			buildConfigurations = (
				836075241F2A4CD300758C9E /* Debug */,
				836075251F2A4CD300758C9E /* Release */,
			);
			defaultConfigurationIsVisible = 0;
			defaultConfigurationName = Release;
		};
/* End XCConfigurationList section */
	};
	rootObject = 83111B1C1DA4110C006B058D /* Project object */;
}
