PODS:
  - CoreBitcoin (0.6.8.1):
    - ISO8601DateFormatter
    - OpenSSL-Universal (= 1.0.1.16)
  - ISO8601DateFormatter (0.8)
  - OpenSans (1.0.3)
  - OpenSSL-Universal (1.0.1.16)

DEPENDENCIES:
  - CoreBitcoin (from `https://raw.github.com/oleganza/CoreBitcoin/master/CoreBitcoin.podspec`)
  - OpenSans

EXTERNAL SOURCES:
  CoreBitcoin:
    :podspec: https://raw.github.com/oleganza/CoreBitcoin/master/CoreBitcoin.podspec

SPEC CHECKSUMS:
  CoreBitcoin: 4ac6f6a61e543f08399c2fe57496d4fdcbaf74f9
  ISO8601DateFormatter: 4551b6ce4f83185425f583b0b3feb3c7b59b942c
  OpenSans: 33078846463eae780aa5f82986b51cce085f970d
  OpenSSL-Universal: 85ef63bf81d0741b03c8719cd29685c37c59518d

PODFILE CHECKSUM: 04c0862188b076822fd7c8a779b71db7151a1b5b

COCOAPODS: 1.4.0
