PODS:
  - CoreBitcoin (0.6.8.1):
    - ISO8601DateFormatter
    - OpenSSL-Universal (= 1.0.1.16)
  - ISO8601DateFormatter (0.8)
  - lottie-ios (3.2.3)
  - OpenSans (1.0.3)
  - OpenSSL-Universal (1.0.1.16)

DEPENDENCIES:
  - CoreBitcoin (from `https://raw.github.com/oleganza/CoreBitcoin/master/CoreBitcoin.podspec`)
  - lottie-ios
  - OpenSans

SPEC REPOS:
  trunk:
    - ISO8601DateFormatter
    - lottie-ios
    - OpenSans
    - OpenSSL-Universal

EXTERNAL SOURCES:
  CoreBitcoin:
    :podspec: https://raw.github.com/oleganza/CoreBitcoin/master/CoreBitcoin.podspec

SPEC CHECKSUMS:
  CoreBitcoin: 4ac6f6a61e543f08399c2fe57496d4fdcbaf74f9
  ISO8601DateFormatter: 4551b6ce4f83185425f583b0b3feb3c7b59b942c
  lottie-ios: c058aeafa76daa4cf64d773554bccc8385d0150e
  OpenSans: 33078846463eae780aa5f82986b51cce085f970d
  OpenSSL-Universal: 85ef63bf81d0741b03c8719cd29685c37c59518d

PODFILE CHECKSUM: 3b06281859cd0c0d4903a5e293770ba38a050027

COCOAPODS: 1.16.2
